
Microsoft Visual Studio Solution File, Format Version 12.00
# Visual Studio Version 16
VisualStudioVersion = 16.0.32602.291
MinimumVisualStudioVersion = 10.0.40219.1
Project("{8BC9CEB8-8B4A-11D0-8D11-00A0C91BC942}") = "奋勇争先续", "奋勇争先续\奋勇争先续.vcxproj", "{B8FAA430-AEC6-46E8-9829-977172549CF1}"
EndProject
Global
	GlobalSection(SolutionConfigurationPlatforms) = preSolution
		Debug|x64 = Debug|x64
		Debug|x86 = Debug|x86
		Release|x64 = Release|x64
		Release|x86 = Release|x86
	EndGlobalSection
	GlobalSection(ProjectConfigurationPlatforms) = postSolution
		{B8FAA430-AEC6-46E8-9829-977172549CF1}.Debug|x64.ActiveCfg = Debug|x64
		{B8FAA430-AEC6-46E8-9829-977172549CF1}.Debug|x64.Build.0 = Debug|x64
		{B8FAA430-AEC6-46E8-9829-977172549CF1}.Debug|x86.ActiveCfg = Debug|Win32
		{B8FAA430-AEC6-46E8-9829-977172549CF1}.Debug|x86.Build.0 = Debug|Win32
		{B8FAA430-AEC6-46E8-9829-977172549CF1}.Release|x64.ActiveCfg = Release|x64
		{B8FAA430-AEC6-46E8-9829-977172549CF1}.Release|x64.Build.0 = Release|x64
		{B8FAA430-AEC6-46E8-9829-977172549CF1}.Release|x86.ActiveCfg = Release|Win32
		{B8FAA430-AEC6-46E8-9829-977172549CF1}.Release|x86.Build.0 = Release|Win32
	EndGlobalSection
	GlobalSection(SolutionProperties) = preSolution
		HideSolutionNode = FALSE
	EndGlobalSection
	GlobalSection(ExtensibilityGlobals) = postSolution
		SolutionGuid = {0147D1C8-1857-4997-ABFE-6C7B9BC6CC64}
	EndGlobalSection
EndGlobal
