
Microsoft Visual Studio Solution File, Format Version 12.00
# Visual Studio Version 16
VisualStudioVersion = 16.0.32901.82
MinimumVisualStudioVersion = 10.0.40219.1
Project("{8BC9CEB8-8B4A-11D0-8D11-00A0C91BC942}") = "重建学校", "重建学校\重建学校.vcxproj", "{BE2E21AD-A896-45C3-8A19-81F1DE1B3CF9}"
EndProject
Global
	GlobalSection(SolutionConfigurationPlatforms) = preSolution
		Debug|x64 = Debug|x64
		Debug|x86 = Debug|x86
		Release|x64 = Release|x64
		Release|x86 = Release|x86
	EndGlobalSection
	GlobalSection(ProjectConfigurationPlatforms) = postSolution
		{BE2E21AD-A896-45C3-8A19-81F1DE1B3CF9}.Debug|x64.ActiveCfg = Debug|x64
		{BE2E21AD-A896-45C3-8A19-81F1DE1B3CF9}.Debug|x64.Build.0 = Debug|x64
		{BE2E21AD-A896-45C3-8A19-81F1DE1B3CF9}.Debug|x86.ActiveCfg = Debug|Win32
		{BE2E21AD-A896-45C3-8A19-81F1DE1B3CF9}.Debug|x86.Build.0 = Debug|Win32
		{BE2E21AD-A896-45C3-8A19-81F1DE1B3CF9}.Release|x64.ActiveCfg = Release|x64
		{BE2E21AD-A896-45C3-8A19-81F1DE1B3CF9}.Release|x64.Build.0 = Release|x64
		{BE2E21AD-A896-45C3-8A19-81F1DE1B3CF9}.Release|x86.ActiveCfg = Release|Win32
		{BE2E21AD-A896-45C3-8A19-81F1DE1B3CF9}.Release|x86.Build.0 = Release|Win32
	EndGlobalSection
	GlobalSection(SolutionProperties) = preSolution
		HideSolutionNode = FALSE
	EndGlobalSection
	GlobalSection(ExtensibilityGlobals) = postSolution
		SolutionGuid = {72580EC6-73C4-44A5-88FD-027FDA590BD0}
	EndGlobalSection
EndGlobal
