
Microsoft Visual Studio Solution File, Format Version 12.00
# Visual Studio Version 16
VisualStudioVersion = 16.0.32901.82
MinimumVisualStudioVersion = 10.0.40219.1
Project("{8BC9CEB8-8B4A-11D0-8D11-00A0C91BC942}") = "继续畅通工程", "继续畅通工程\继续畅通工程.vcxproj", "{EC4D1B74-22C4-427C-82F0-AD8BDBAB4CE6}"
EndProject
Global
	GlobalSection(SolutionConfigurationPlatforms) = preSolution
		Debug|x64 = Debug|x64
		Debug|x86 = Debug|x86
		Release|x64 = Release|x64
		Release|x86 = Release|x86
	EndGlobalSection
	GlobalSection(ProjectConfigurationPlatforms) = postSolution
		{EC4D1B74-22C4-427C-82F0-AD8BDBAB4CE6}.Debug|x64.ActiveCfg = Debug|x64
		{EC4D1B74-22C4-427C-82F0-AD8BDBAB4CE6}.Debug|x64.Build.0 = Debug|x64
		{EC4D1B74-22C4-427C-82F0-AD8BDBAB4CE6}.Debug|x86.ActiveCfg = Debug|Win32
		{EC4D1B74-22C4-427C-82F0-AD8BDBAB4CE6}.Debug|x86.Build.0 = Debug|Win32
		{EC4D1B74-22C4-427C-82F0-AD8BDBAB4CE6}.Release|x64.ActiveCfg = Release|x64
		{EC4D1B74-22C4-427C-82F0-AD8BDBAB4CE6}.Release|x64.Build.0 = Release|x64
		{EC4D1B74-22C4-427C-82F0-AD8BDBAB4CE6}.Release|x86.ActiveCfg = Release|Win32
		{EC4D1B74-22C4-427C-82F0-AD8BDBAB4CE6}.Release|x86.Build.0 = Release|Win32
	EndGlobalSection
	GlobalSection(SolutionProperties) = preSolution
		HideSolutionNode = FALSE
	EndGlobalSection
	GlobalSection(ExtensibilityGlobals) = postSolution
		SolutionGuid = {425CDD0F-8334-4F2F-94D9-7D1EC8387A6B}
	EndGlobalSection
EndGlobal
